
Microsoft Visual Studio Solution File, Format Version 12.00
# Visual Studio Version 17
VisualStudioVersion = 17.7.34202.233
MinimumVisualStudioVersion = 10.0.40219.1
Project("{9A19103F-16F7-4668-BE54-9A1E7A4F7556}") = "EF_Core_WebApi", "EF_Core_WebApi.csproj", "{E469F156-6901-4107-912C-F756C734B7FA}"
EndProject
Project("{FAE04EC0-301F-11D3-BF4B-00C04F79EFBC}") = "Address_Models", "..\Address_Models\Address_Models.csproj", "{BB5BDFA0-9E06-48EC-A771-60DFB7F58065}"
EndProject
Global
	GlobalSection(SolutionConfigurationPlatforms) = preSolution
		Debug|Any CPU = Debug|Any CPU
		Release|Any CPU = Release|Any CPU
	EndGlobalSection
	GlobalSection(ProjectConfigurationPlatforms) = postSolution
		{E469F156-6901-4107-912C-F756C734B7FA}.Debug|Any CPU.ActiveCfg = Debug|Any CPU
		{E469F156-6901-4107-912C-F756C734B7FA}.Debug|Any CPU.Build.0 = Debug|Any CPU
		{E469F156-6901-4107-912C-F756C734B7FA}.Release|Any CPU.ActiveCfg = Release|Any CPU
		{E469F156-6901-4107-912C-F756C734B7FA}.Release|Any CPU.Build.0 = Release|Any CPU
		{BB5BDFA0-9E06-48EC-A771-60DFB7F58065}.Debug|Any CPU.ActiveCfg = Debug|Any CPU
		{BB5BDFA0-9E06-48EC-A771-60DFB7F58065}.Debug|Any CPU.Build.0 = Debug|Any CPU
		{BB5BDFA0-9E06-48EC-A771-60DFB7F58065}.Release|Any CPU.ActiveCfg = Release|Any CPU
		{BB5BDFA0-9E06-48EC-A771-60DFB7F58065}.Release|Any CPU.Build.0 = Release|Any CPU
	EndGlobalSection
	GlobalSection(SolutionProperties) = preSolution
		HideSolutionNode = FALSE
	EndGlobalSection
	GlobalSection(ExtensibilityGlobals) = postSolution
		SolutionGuid = {E073D02B-4BCA-4239-8C95-FECEACCE19BE}
	EndGlobalSection
EndGlobal
